
Microsoft Visual Studio Solution File, Format Version 12.00
# Visual Studio Version 16
VisualStudioVersion = 16.0.30204.135
MinimumVisualStudioVersion = 10.0.40219.1
Project("{FAE04EC0-301F-11D3-BF4B-00C04F79EFBC}") = "Quản Lí  Ship Hàng", "Quản Lí  Ship Hàng\Quản Lí  Ship Hàng.csproj", "{4999B655-57EB-4CF6-9BD6-545A3A8307C7}"
EndProject
Project("{FAE04EC0-301F-11D3-BF4B-00C04F79EFBC}") = "DataAccess", "Data\DataAccess.csproj", "{5AD9CA1D-5973-4F57-AD3F-82677E98FEDD}"
EndProject
Project("{FAE04EC0-301F-11D3-BF4B-00C04F79EFBC}") = "BussinessLogic", "BussinessLogic\BussinessLogic.csproj", "{CA9FFE46-6153-40A3-B6AE-4315BBFBFF07}"
EndProject
Global
	GlobalSection(SolutionConfigurationPlatforms) = preSolution
		Debug|Any CPU = Debug|Any CPU
		Release|Any CPU = Release|Any CPU
	EndGlobalSection
	GlobalSection(ProjectConfigurationPlatforms) = postSolution
		{4999B655-57EB-4CF6-9BD6-545A3A8307C7}.Debug|Any CPU.ActiveCfg = Debug|Any CPU
		{4999B655-57EB-4CF6-9BD6-545A3A8307C7}.Debug|Any CPU.Build.0 = Debug|Any CPU
		{4999B655-57EB-4CF6-9BD6-545A3A8307C7}.Release|Any CPU.ActiveCfg = Release|Any CPU
		{4999B655-57EB-4CF6-9BD6-545A3A8307C7}.Release|Any CPU.Build.0 = Release|Any CPU
		{5AD9CA1D-5973-4F57-AD3F-82677E98FEDD}.Debug|Any CPU.ActiveCfg = Debug|Any CPU
		{5AD9CA1D-5973-4F57-AD3F-82677E98FEDD}.Debug|Any CPU.Build.0 = Debug|Any CPU
		{5AD9CA1D-5973-4F57-AD3F-82677E98FEDD}.Release|Any CPU.ActiveCfg = Release|Any CPU
		{5AD9CA1D-5973-4F57-AD3F-82677E98FEDD}.Release|Any CPU.Build.0 = Release|Any CPU
		{CA9FFE46-6153-40A3-B6AE-4315BBFBFF07}.Debug|Any CPU.ActiveCfg = Debug|Any CPU
		{CA9FFE46-6153-40A3-B6AE-4315BBFBFF07}.Debug|Any CPU.Build.0 = Debug|Any CPU
		{CA9FFE46-6153-40A3-B6AE-4315BBFBFF07}.Release|Any CPU.ActiveCfg = Release|Any CPU
		{CA9FFE46-6153-40A3-B6AE-4315BBFBFF07}.Release|Any CPU.Build.0 = Release|Any CPU
	EndGlobalSection
	GlobalSection(SolutionProperties) = preSolution
		HideSolutionNode = FALSE
	EndGlobalSection
	GlobalSection(ExtensibilityGlobals) = postSolution
		SolutionGuid = {B3EC13C9-472B-42AA-9EFB-88322756FCC2}
	EndGlobalSection
EndGlobal
